
Microsoft Visual Studio Solution File, Format Version 12.00
# Visual Studio Version 16
VisualStudioVersion = 16.0.31229.75
MinimumVisualStudioVersion = 10.0.40219.1
Project("{2150E333-8FDC-42A3-9474-1A3956D46DE8}") = "ShopManagement", "ShopManagement", "{4A5798AA-32F4-45C1-986F-60F024B61AD7}"
EndProject
Project("{2150E333-8FDC-42A3-9474-1A3956D46DE8}") = "SM.Domain", "SM.Domain", "{F7C0562A-D9D8-43BD-AEF9-2499713E31C6}"
EndProject
Project("{9A19103F-16F7-4668-BE54-9A1E7A4F7556}") = "ShopManagement.Domain", "ShopManagement.Domain\ShopManagement.Domain.csproj", "{F90E18E2-792E-45CE-BDDD-F7BDAB78EABE}"
EndProject
Project("{9A19103F-16F7-4668-BE54-9A1E7A4F7556}") = "0_Framework", "0_Framework\0_Framework.csproj", "{7CE1C698-C6FD-408A-9779-E53A787E88D4}"
EndProject
Project("{2150E333-8FDC-42A3-9474-1A3956D46DE8}") = "SM.Application", "SM.Application", "{FC168B1B-E755-4EB0-B16E-BF7857C669B5}"
EndProject
Project("{9A19103F-16F7-4668-BE54-9A1E7A4F7556}") = "ShopManagement.Application.Contracts", "ShopManagement.Application.Contracts\ShopManagement.Application.Contracts.csproj", "{5CAE6221-1A5C-4529-AD89-BA63BA972024}"
EndProject
Project("{9A19103F-16F7-4668-BE54-9A1E7A4F7556}") = "ShopManagement.Application", "ShopManagement.Application\ShopManagement.Application.csproj", "{82AB77A7-F698-4EC6-9DA2-AE4C22BED48C}"
EndProject
Project("{2150E333-8FDC-42A3-9474-1A3956D46DE8}") = "SM.Infrastracture", "SM.Infrastracture", "{7B1B830C-EC35-4657-940F-B09B5BA78368}"
EndProject
Project("{9A19103F-16F7-4668-BE54-9A1E7A4F7556}") = "ShopManagement.Infrastracture.EFCore", "ShopManagement.Infrastracture.EFCore\ShopManagement.Infrastracture.EFCore.csproj", "{A2EA7886-59B1-4FAD-833A-B28FE900ED84}"
EndProject
Project("{9A19103F-16F7-4668-BE54-9A1E7A4F7556}") = "ServiceHost", "ServiceHost\ServiceHost.csproj", "{1D8CC7AC-9E02-4FF6-922C-A57446261F20}"
EndProject
Project("{9A19103F-16F7-4668-BE54-9A1E7A4F7556}") = "ShopManagement.Infrastracture.Configuration", "ShopManagement.Infrastracture.Configuration\ShopManagement.Infrastracture.Configuration.csproj", "{D7135897-251D-4139-B75F-C13ADB39BA39}"
EndProject
Project("{9A19103F-16F7-4668-BE54-9A1E7A4F7556}") = "01_LampshadeQuery", "01_LampshadeQuery\01_LampshadeQuery.csproj", "{EF0C3AEE-3993-4524-85B8-ED5162B29795}"
EndProject
Project("{2150E333-8FDC-42A3-9474-1A3956D46DE8}") = "DiscountManagement", "DiscountManagement", "{7D5DFF52-B71C-485B-8A51-D10C567046EF}"
EndProject
Project("{2150E333-8FDC-42A3-9474-1A3956D46DE8}") = "DM.Domain", "DM.Domain", "{7AE35093-FECC-4113-AE99-6EB88A075DCA}"
EndProject
Project("{9A19103F-16F7-4668-BE54-9A1E7A4F7556}") = "DiscountManagement.Domain", "DiscountManagement.Domain\DiscountManagement.Domain.csproj", "{F722CAE7-F87D-4842-AE8D-10E9EE6652B8}"
EndProject
Project("{2150E333-8FDC-42A3-9474-1A3956D46DE8}") = "DM.Application", "DM.Application", "{BD62E6C5-EFB3-497C-8EB6-72F451ACC4BB}"
EndProject
Project("{9A19103F-16F7-4668-BE54-9A1E7A4F7556}") = "DiscountManagement.Application.Contracts", "DiscountManagement.Application.Contracts\DiscountManagement.Application.Contracts.csproj", "{6D536860-037C-4874-9E3C-FFA74FB8B3DE}"
EndProject
Project("{9A19103F-16F7-4668-BE54-9A1E7A4F7556}") = "DiscountManagement.Application", "DiscountManagement.Application\DiscountManagement.Application.csproj", "{DDCF8A80-F9C4-4B9B-8C5C-0A16302CC1E3}"
EndProject
Project("{2150E333-8FDC-42A3-9474-1A3956D46DE8}") = "DM.Infrastracture", "DM.Infrastracture", "{6463AB5B-7F87-4DDD-9620-026956B86573}"
EndProject
Project("{9A19103F-16F7-4668-BE54-9A1E7A4F7556}") = "DiscountManagement.Infrastracture.Configure", "DiscountManagement.Infrastracture.Configure\DiscountManagement.Infrastracture.Configure.csproj", "{04BD3A3C-1254-4866-BE71-FD558F81F29A}"
EndProject
Project("{9A19103F-16F7-4668-BE54-9A1E7A4F7556}") = "DiscountManagement.Infrastracture.EFCore", "DiscountManagement.Infrastracture.EFCore\DiscountManagement.Infrastracture.EFCore.csproj", "{AFFF82F8-1E58-43E1-B17F-D6711DFDA7AC}"
EndProject
Project("{2150E333-8FDC-42A3-9474-1A3956D46DE8}") = "InventoryManagement", "InventoryManagement", "{C7395FBC-771B-4963-A85A-9BF742928452}"
EndProject
Project("{2150E333-8FDC-42A3-9474-1A3956D46DE8}") = "IM.Domain", "IM.Domain", "{F4E5FA39-0294-4A55-92E7-44E831ADB3E8}"
EndProject
Project("{9A19103F-16F7-4668-BE54-9A1E7A4F7556}") = "InventoryManagement.Domain", "InventoryManagement.Domain\InventoryManagement.Domain.csproj", "{77832D8D-3534-4632-BDCF-4F3A4BA4B174}"
EndProject
Project("{2150E333-8FDC-42A3-9474-1A3956D46DE8}") = "IM.Application", "IM.Application", "{C24B2745-1B68-4343-B59A-8AEBAFCEE62F}"
EndProject
Project("{9A19103F-16F7-4668-BE54-9A1E7A4F7556}") = "InventoryManagement.Application.Contracts", "InventoryManagement.Application.Contracts\InventoryManagement.Application.Contracts.csproj", "{A00D8CA3-A2C8-405F-BD20-FF62B6FF4E10}"
EndProject
Project("{9A19103F-16F7-4668-BE54-9A1E7A4F7556}") = "InventoryManagement.Application", "InventoryManagement.Application\InventoryManagement.Application.csproj", "{2632E131-BFC2-4B79-8856-FA3D74056AC5}"
EndProject
Project("{2150E333-8FDC-42A3-9474-1A3956D46DE8}") = "IM.Infrastracture", "IM.Infrastracture", "{7C2EE787-646D-497C-A971-014726FEEB21}"
EndProject
Project("{9A19103F-16F7-4668-BE54-9A1E7A4F7556}") = "InventoryManagement.Infstracture.EFCore", "InventoryManagement.Infstracture.EFCore\InventoryManagement.Infstracture.EFCore.csproj", "{06C2600B-F16A-441C-B9A1-890860DCA93F}"
EndProject
Project("{9A19103F-16F7-4668-BE54-9A1E7A4F7556}") = "InventoryManagement.Infrastracture.Configuration", "InventoryManagement.Infrastracture.Configuration\InventoryManagement.Infrastracture.Configuration.csproj", "{6049B6FC-14A6-4E0D-9FE6-0AC1B54AB9DD}"
EndProject
Global
	GlobalSection(SolutionConfigurationPlatforms) = preSolution
		Debug|Any CPU = Debug|Any CPU
		Release|Any CPU = Release|Any CPU
	EndGlobalSection
	GlobalSection(ProjectConfigurationPlatforms) = postSolution
		{F90E18E2-792E-45CE-BDDD-F7BDAB78EABE}.Debug|Any CPU.ActiveCfg = Debug|Any CPU
		{F90E18E2-792E-45CE-BDDD-F7BDAB78EABE}.Debug|Any CPU.Build.0 = Debug|Any CPU
		{F90E18E2-792E-45CE-BDDD-F7BDAB78EABE}.Release|Any CPU.ActiveCfg = Release|Any CPU
		{F90E18E2-792E-45CE-BDDD-F7BDAB78EABE}.Release|Any CPU.Build.0 = Release|Any CPU
		{7CE1C698-C6FD-408A-9779-E53A787E88D4}.Debug|Any CPU.ActiveCfg = Debug|Any CPU
		{7CE1C698-C6FD-408A-9779-E53A787E88D4}.Debug|Any CPU.Build.0 = Debug|Any CPU
		{7CE1C698-C6FD-408A-9779-E53A787E88D4}.Release|Any CPU.ActiveCfg = Release|Any CPU
		{7CE1C698-C6FD-408A-9779-E53A787E88D4}.Release|Any CPU.Build.0 = Release|Any CPU
		{5CAE6221-1A5C-4529-AD89-BA63BA972024}.Debug|Any CPU.ActiveCfg = Debug|Any CPU
		{5CAE6221-1A5C-4529-AD89-BA63BA972024}.Debug|Any CPU.Build.0 = Debug|Any CPU
		{5CAE6221-1A5C-4529-AD89-BA63BA972024}.Release|Any CPU.ActiveCfg = Release|Any CPU
		{5CAE6221-1A5C-4529-AD89-BA63BA972024}.Release|Any CPU.Build.0 = Release|Any CPU
		{82AB77A7-F698-4EC6-9DA2-AE4C22BED48C}.Debug|Any CPU.ActiveCfg = Debug|Any CPU
		{82AB77A7-F698-4EC6-9DA2-AE4C22BED48C}.Debug|Any CPU.Build.0 = Debug|Any CPU
		{82AB77A7-F698-4EC6-9DA2-AE4C22BED48C}.Release|Any CPU.ActiveCfg = Release|Any CPU
		{82AB77A7-F698-4EC6-9DA2-AE4C22BED48C}.Release|Any CPU.Build.0 = Release|Any CPU
		{A2EA7886-59B1-4FAD-833A-B28FE900ED84}.Debug|Any CPU.ActiveCfg = Debug|Any CPU
		{A2EA7886-59B1-4FAD-833A-B28FE900ED84}.Debug|Any CPU.Build.0 = Debug|Any CPU
		{A2EA7886-59B1-4FAD-833A-B28FE900ED84}.Release|Any CPU.ActiveCfg = Release|Any CPU
		{A2EA7886-59B1-4FAD-833A-B28FE900ED84}.Release|Any CPU.Build.0 = Release|Any CPU
		{1D8CC7AC-9E02-4FF6-922C-A57446261F20}.Debug|Any CPU.ActiveCfg = Debug|Any CPU
		{1D8CC7AC-9E02-4FF6-922C-A57446261F20}.Debug|Any CPU.Build.0 = Debug|Any CPU
		{1D8CC7AC-9E02-4FF6-922C-A57446261F20}.Release|Any CPU.ActiveCfg = Release|Any CPU
		{1D8CC7AC-9E02-4FF6-922C-A57446261F20}.Release|Any CPU.Build.0 = Release|Any CPU
		{D7135897-251D-4139-B75F-C13ADB39BA39}.Debug|Any CPU.ActiveCfg = Debug|Any CPU
		{D7135897-251D-4139-B75F-C13ADB39BA39}.Debug|Any CPU.Build.0 = Debug|Any CPU
		{D7135897-251D-4139-B75F-C13ADB39BA39}.Release|Any CPU.ActiveCfg = Release|Any CPU
		{D7135897-251D-4139-B75F-C13ADB39BA39}.Release|Any CPU.Build.0 = Release|Any CPU
		{EF0C3AEE-3993-4524-85B8-ED5162B29795}.Debug|Any CPU.ActiveCfg = Debug|Any CPU
		{EF0C3AEE-3993-4524-85B8-ED5162B29795}.Debug|Any CPU.Build.0 = Debug|Any CPU
		{EF0C3AEE-3993-4524-85B8-ED5162B29795}.Release|Any CPU.ActiveCfg = Release|Any CPU
		{EF0C3AEE-3993-4524-85B8-ED5162B29795}.Release|Any CPU.Build.0 = Release|Any CPU
		{F722CAE7-F87D-4842-AE8D-10E9EE6652B8}.Debug|Any CPU.ActiveCfg = Debug|Any CPU
		{F722CAE7-F87D-4842-AE8D-10E9EE6652B8}.Debug|Any CPU.Build.0 = Debug|Any CPU
		{F722CAE7-F87D-4842-AE8D-10E9EE6652B8}.Release|Any CPU.ActiveCfg = Release|Any CPU
		{F722CAE7-F87D-4842-AE8D-10E9EE6652B8}.Release|Any CPU.Build.0 = Release|Any CPU
		{6D536860-037C-4874-9E3C-FFA74FB8B3DE}.Debug|Any CPU.ActiveCfg = Debug|Any CPU
		{6D536860-037C-4874-9E3C-FFA74FB8B3DE}.Debug|Any CPU.Build.0 = Debug|Any CPU
		{6D536860-037C-4874-9E3C-FFA74FB8B3DE}.Release|Any CPU.ActiveCfg = Release|Any CPU
		{6D536860-037C-4874-9E3C-FFA74FB8B3DE}.Release|Any CPU.Build.0 = Release|Any CPU
		{DDCF8A80-F9C4-4B9B-8C5C-0A16302CC1E3}.Debug|Any CPU.ActiveCfg = Debug|Any CPU
		{DDCF8A80-F9C4-4B9B-8C5C-0A16302CC1E3}.Debug|Any CPU.Build.0 = Debug|Any CPU
		{DDCF8A80-F9C4-4B9B-8C5C-0A16302CC1E3}.Release|Any CPU.ActiveCfg = Release|Any CPU
		{DDCF8A80-F9C4-4B9B-8C5C-0A16302CC1E3}.Release|Any CPU.Build.0 = Release|Any CPU
		{04BD3A3C-1254-4866-BE71-FD558F81F29A}.Debug|Any CPU.ActiveCfg = Debug|Any CPU
		{04BD3A3C-1254-4866-BE71-FD558F81F29A}.Debug|Any CPU.Build.0 = Debug|Any CPU
		{04BD3A3C-1254-4866-BE71-FD558F81F29A}.Release|Any CPU.ActiveCfg = Release|Any CPU
		{04BD3A3C-1254-4866-BE71-FD558F81F29A}.Release|Any CPU.Build.0 = Release|Any CPU
		{AFFF82F8-1E58-43E1-B17F-D6711DFDA7AC}.Debug|Any CPU.ActiveCfg = Debug|Any CPU
		{AFFF82F8-1E58-43E1-B17F-D6711DFDA7AC}.Debug|Any CPU.Build.0 = Debug|Any CPU
		{AFFF82F8-1E58-43E1-B17F-D6711DFDA7AC}.Release|Any CPU.ActiveCfg = Release|Any CPU
		{AFFF82F8-1E58-43E1-B17F-D6711DFDA7AC}.Release|Any CPU.Build.0 = Release|Any CPU
		{77832D8D-3534-4632-BDCF-4F3A4BA4B174}.Debug|Any CPU.ActiveCfg = Debug|Any CPU
		{77832D8D-3534-4632-BDCF-4F3A4BA4B174}.Debug|Any CPU.Build.0 = Debug|Any CPU
		{77832D8D-3534-4632-BDCF-4F3A4BA4B174}.Release|Any CPU.ActiveCfg = Release|Any CPU
		{77832D8D-3534-4632-BDCF-4F3A4BA4B174}.Release|Any CPU.Build.0 = Release|Any CPU
		{A00D8CA3-A2C8-405F-BD20-FF62B6FF4E10}.Debug|Any CPU.ActiveCfg = Debug|Any CPU
		{A00D8CA3-A2C8-405F-BD20-FF62B6FF4E10}.Debug|Any CPU.Build.0 = Debug|Any CPU
		{A00D8CA3-A2C8-405F-BD20-FF62B6FF4E10}.Release|Any CPU.ActiveCfg = Release|Any CPU
		{A00D8CA3-A2C8-405F-BD20-FF62B6FF4E10}.Release|Any CPU.Build.0 = Release|Any CPU
		{2632E131-BFC2-4B79-8856-FA3D74056AC5}.Debug|Any CPU.ActiveCfg = Debug|Any CPU
		{2632E131-BFC2-4B79-8856-FA3D74056AC5}.Debug|Any CPU.Build.0 = Debug|Any CPU
		{2632E131-BFC2-4B79-8856-FA3D74056AC5}.Release|Any CPU.ActiveCfg = Release|Any CPU
		{2632E131-BFC2-4B79-8856-FA3D74056AC5}.Release|Any CPU.Build.0 = Release|Any CPU
		{06C2600B-F16A-441C-B9A1-890860DCA93F}.Debug|Any CPU.ActiveCfg = Debug|Any CPU
		{06C2600B-F16A-441C-B9A1-890860DCA93F}.Debug|Any CPU.Build.0 = Debug|Any CPU
		{06C2600B-F16A-441C-B9A1-890860DCA93F}.Release|Any CPU.ActiveCfg = Release|Any CPU
		{06C2600B-F16A-441C-B9A1-890860DCA93F}.Release|Any CPU.Build.0 = Release|Any CPU
		{6049B6FC-14A6-4E0D-9FE6-0AC1B54AB9DD}.Debug|Any CPU.ActiveCfg = Debug|Any CPU
		{6049B6FC-14A6-4E0D-9FE6-0AC1B54AB9DD}.Debug|Any CPU.Build.0 = Debug|Any CPU
		{6049B6FC-14A6-4E0D-9FE6-0AC1B54AB9DD}.Release|Any CPU.ActiveCfg = Release|Any CPU
		{6049B6FC-14A6-4E0D-9FE6-0AC1B54AB9DD}.Release|Any CPU.Build.0 = Release|Any CPU
	EndGlobalSection
	GlobalSection(SolutionProperties) = preSolution
		HideSolutionNode = FALSE
	EndGlobalSection
	GlobalSection(NestedProjects) = preSolution
		{F7C0562A-D9D8-43BD-AEF9-2499713E31C6} = {4A5798AA-32F4-45C1-986F-60F024B61AD7}
		{F90E18E2-792E-45CE-BDDD-F7BDAB78EABE} = {F7C0562A-D9D8-43BD-AEF9-2499713E31C6}
		{FC168B1B-E755-4EB0-B16E-BF7857C669B5} = {4A5798AA-32F4-45C1-986F-60F024B61AD7}
		{5CAE6221-1A5C-4529-AD89-BA63BA972024} = {FC168B1B-E755-4EB0-B16E-BF7857C669B5}
		{82AB77A7-F698-4EC6-9DA2-AE4C22BED48C} = {FC168B1B-E755-4EB0-B16E-BF7857C669B5}
		{7B1B830C-EC35-4657-940F-B09B5BA78368} = {4A5798AA-32F4-45C1-986F-60F024B61AD7}
		{A2EA7886-59B1-4FAD-833A-B28FE900ED84} = {7B1B830C-EC35-4657-940F-B09B5BA78368}
		{D7135897-251D-4139-B75F-C13ADB39BA39} = {7B1B830C-EC35-4657-940F-B09B5BA78368}
		{7AE35093-FECC-4113-AE99-6EB88A075DCA} = {7D5DFF52-B71C-485B-8A51-D10C567046EF}
		{F722CAE7-F87D-4842-AE8D-10E9EE6652B8} = {7AE35093-FECC-4113-AE99-6EB88A075DCA}
		{BD62E6C5-EFB3-497C-8EB6-72F451ACC4BB} = {7D5DFF52-B71C-485B-8A51-D10C567046EF}
		{6D536860-037C-4874-9E3C-FFA74FB8B3DE} = {BD62E6C5-EFB3-497C-8EB6-72F451ACC4BB}
		{DDCF8A80-F9C4-4B9B-8C5C-0A16302CC1E3} = {BD62E6C5-EFB3-497C-8EB6-72F451ACC4BB}
		{6463AB5B-7F87-4DDD-9620-026956B86573} = {7D5DFF52-B71C-485B-8A51-D10C567046EF}
		{04BD3A3C-1254-4866-BE71-FD558F81F29A} = {6463AB5B-7F87-4DDD-9620-026956B86573}
		{AFFF82F8-1E58-43E1-B17F-D6711DFDA7AC} = {6463AB5B-7F87-4DDD-9620-026956B86573}
		{F4E5FA39-0294-4A55-92E7-44E831ADB3E8} = {C7395FBC-771B-4963-A85A-9BF742928452}
		{77832D8D-3534-4632-BDCF-4F3A4BA4B174} = {F4E5FA39-0294-4A55-92E7-44E831ADB3E8}
		{C24B2745-1B68-4343-B59A-8AEBAFCEE62F} = {C7395FBC-771B-4963-A85A-9BF742928452}
		{A00D8CA3-A2C8-405F-BD20-FF62B6FF4E10} = {C24B2745-1B68-4343-B59A-8AEBAFCEE62F}
		{2632E131-BFC2-4B79-8856-FA3D74056AC5} = {C24B2745-1B68-4343-B59A-8AEBAFCEE62F}
		{7C2EE787-646D-497C-A971-014726FEEB21} = {C7395FBC-771B-4963-A85A-9BF742928452}
		{06C2600B-F16A-441C-B9A1-890860DCA93F} = {7C2EE787-646D-497C-A971-014726FEEB21}
		{6049B6FC-14A6-4E0D-9FE6-0AC1B54AB9DD} = {7C2EE787-646D-497C-A971-014726FEEB21}
	EndGlobalSection
	GlobalSection(ExtensibilityGlobals) = postSolution
		SolutionGuid = {6DBC876D-5F77-4932-9EA3-C5E75527DADB}
	EndGlobalSection
EndGlobal
